lockfileVersion: 5.4

specifiers:
  '@vitejs/plugin-basic-ssl': ^0.1.2
  '@vitejs/plugin-vue': ^3.1.0
  cssnano: ^5.1.13
  postcss: ^8.4.16
  postcss-css-variables: ^0.18.0
  postcss-nested: ^5.0.6
  vite: ^3.1.0
  vue: ^3.2.39
  vue-router: ^4.1.5

dependencies:
  vue: 3.2.39
  vue-router: 4.1.5_vue@3.2.39

devDependencies:
  '@vitejs/plugin-basic-ssl': 0.1.2_vite@3.1.0
  '@vitejs/plugin-vue': 3.1.0_vite@3.1.0+vue@3.2.39
  cssnano: 5.1.13_postcss@8.4.16
  postcss: 8.4.16
  postcss-css-variables: 0.18.0_postcss@8.4.16
  postcss-nested: 5.0.6_postcss@8.4.16
  vite: 3.1.0

packages:

  /@babel/helper-string-parser/7.18.10:
    resolution: {integrity: sha512-XtIfWmeNY3i4t7t4D2t02q50HvqHybPqW2ki1kosnvWCwuCMeo81Jf0gwr85jy/neUdg5XDdeFE/80DXiO+njw==}
    engines: {node: '>=6.9.0'}

  /@babel/helper-validator-identifier/7.18.6:
    resolution: {integrity: sha512-MmetCkz9ej86nJQV+sFCxoGGrUbU3q02kgLciwkrt9QqEB7cP39oKEY0PakknEO0Gu20SskMRi+AYZ3b1TpN9g==}
    engines: {node: '>=6.9.0'}

  /@babel/parser/7.19.0:
    resolution: {integrity: sha512-74bEXKX2h+8rrfQUfsBfuZZHzsEs6Eql4pqy/T4Nn6Y9wNPggQOqD6z6pn5Bl8ZfysKouFZT/UXEH94ummEeQw==}
    engines: {node: '>=6.0.0'}
    hasBin: true
    dependencies:
      '@babel/types': 7.19.0

  /@babel/types/7.19.0:
    resolution: {integrity: sha512-YuGopBq3ke25BVSiS6fgF49Ul9gH1x70Bcr6bqRLjWCkcX8Hre1/5+z+IiWOIerRMSSEfGZVB9z9kyq7wVs9YA==}
    engines: {node: '>=6.9.0'}
    dependencies:
      '@babel/helper-string-parser': 7.18.10
      '@babel/helper-validator-identifier': 7.18.6
      to-fast-properties: 2.0.0

  /@esbuild/linux-loong64/0.15.7:
    resolution: {integrity: sha512-IKznSJOsVUuyt7cDzzSZyqBEcZe+7WlBqTVXiF1OXP/4Nm387ToaXZ0fyLwI1iBlI/bzpxVq411QE2/Bt2XWWw==}
    engines: {node: '>=12'}
    cpu: [loong64]
    os: [linux]
    requiresBuild: true
    dev: true
    optional: true

  /@trysound/sax/0.2.0:
    resolution: {integrity: sha512-L7z9BgrNEcYyUYtF+HaEfiS5ebkh9jXqbszz7pC0hRBPaatV0XjSD3+eHrpqFemQfgwiFF0QPIarnIihIDn7OA==}
    engines: {node: '>=10.13.0'}
    dev: true

  /@vitejs/plugin-basic-ssl/0.1.2_vite@3.1.0:
    resolution: {integrity: sha512-EdwCHnbkakR6YPupySZm1WoCDRPaw9c5jObAo2pCRv8Ja2TESFC6Sc8RUOcKuihfjARDfszbBf+YEQwHY9s9wg==}
    engines: {node: '>=14.6.0'}
    peerDependencies:
      vite: ^3.0.0-beta.0
    dependencies:
      vite: 3.1.0
    dev: true

  /@vitejs/plugin-vue/3.1.0_vite@3.1.0+vue@3.2.39:
    resolution: {integrity: sha512-fmxtHPjSOEIRg6vHYDaem+97iwCUg/uSIaTzp98lhELt2ISOQuDo2hbkBdXod0g15IhfPMQmAxh4heUks2zvDA==}
    engines: {node: ^14.18.0 || >=16.0.0}
    peerDependencies:
      vite: ^3.0.0
      vue: ^3.2.25
    dependencies:
      vite: 3.1.0
      vue: 3.2.39
    dev: true

  /@vue/compiler-core/3.2.39:
    resolution: {integrity: sha512-mf/36OWXqWn0wsC40nwRRGheR/qoID+lZXbIuLnr4/AngM0ov8Xvv8GHunC0rKRIkh60bTqydlqTeBo49rlbqw==}
    dependencies:
      '@babel/parser': 7.19.0
      '@vue/shared': 3.2.39
      estree-walker: 2.0.2
      source-map: 0.6.1

  /@vue/compiler-dom/3.2.39:
    resolution: {integrity: sha512-HMFI25Be1C8vLEEv1hgEO1dWwG9QQ8LTTPmCkblVJY/O3OvWx6r1+zsox5mKPMGvqYEZa6l8j+xgOfUspgo7hw==}
    dependencies:
      '@vue/compiler-core': 3.2.39
      '@vue/shared': 3.2.39

  /@vue/compiler-sfc/3.2.39:
    resolution: {integrity: sha512-fqAQgFs1/BxTUZkd0Vakn3teKUt//J3c420BgnYgEOoVdTwYpBTSXCMJ88GOBCylmUBbtquGPli9tVs7LzsWIA==}
    dependencies:
      '@babel/parser': 7.19.0
      '@vue/compiler-core': 3.2.39
      '@vue/compiler-dom': 3.2.39
      '@vue/compiler-ssr': 3.2.39
      '@vue/reactivity-transform': 3.2.39
      '@vue/shared': 3.2.39
      estree-walker: 2.0.2
      magic-string: 0.25.9
      postcss: 8.4.16
      source-map: 0.6.1

  /@vue/compiler-ssr/3.2.39:
    resolution: {integrity: sha512-EoGCJ6lincKOZGW+0Ky4WOKsSmqL7hp1ZYgen8M7u/mlvvEQUaO9tKKOy7K43M9U2aA3tPv0TuYYQFrEbK2eFQ==}
    dependencies:
      '@vue/compiler-dom': 3.2.39
      '@vue/shared': 3.2.39

  /@vue/devtools-api/6.2.1:
    resolution: {integrity: sha512-OEgAMeQXvCoJ+1x8WyQuVZzFo0wcyCmUR3baRVLmKBo1LmYZWMlRiXlux5jd0fqVJu6PfDbOrZItVqUEzLobeQ==}
    dev: false

  /@vue/reactivity-transform/3.2.39:
    resolution: {integrity: sha512-HGuWu864zStiWs9wBC6JYOP1E00UjMdDWIG5W+FpUx28hV3uz9ODOKVNm/vdOy/Pvzg8+OcANxAVC85WFBbl3A==}
    dependencies:
      '@babel/parser': 7.19.0
      '@vue/compiler-core': 3.2.39
      '@vue/shared': 3.2.39
      estree-walker: 2.0.2
      magic-string: 0.25.9

  /@vue/reactivity/3.2.39:
    resolution: {integrity: sha512-vlaYX2a3qMhIZfrw3Mtfd+BuU+TZmvDrPMa+6lpfzS9k/LnGxkSuf0fhkP0rMGfiOHPtyKoU9OJJJFGm92beVQ==}
    dependencies:
      '@vue/shared': 3.2.39

  /@vue/runtime-core/3.2.39:
    resolution: {integrity: sha512-xKH5XP57JW5JW+8ZG1khBbuLakINTgPuINKL01hStWLTTGFOrM49UfCFXBcFvWmSbci3gmJyLl2EAzCaZWsx8g==}
    dependencies:
      '@vue/reactivity': 3.2.39
      '@vue/shared': 3.2.39

  /@vue/runtime-dom/3.2.39:
    resolution: {integrity: sha512-4G9AEJP+sLhsqf5wXcyKVWQKUhI+iWfy0hWQgea+CpaTD7BR0KdQzvoQdZhwCY6B3oleSyNLkLAQwm0ya/wNoA==}
    dependencies:
      '@vue/runtime-core': 3.2.39
      '@vue/shared': 3.2.39
      csstype: 2.6.20

  /@vue/server-renderer/3.2.39_vue@3.2.39:
    resolution: {integrity: sha512-1yn9u2YBQWIgytFMjz4f/t0j43awKytTGVptfd3FtBk76t1pd8mxbek0G/DrnjJhd2V7mSTb5qgnxMYt8Z5iSQ==}
    peerDependencies:
      vue: 3.2.39
    dependencies:
      '@vue/compiler-ssr': 3.2.39
      '@vue/shared': 3.2.39
      vue: 3.2.39

  /@vue/shared/3.2.39:
    resolution: {integrity: sha512-D3dl2ZB9qE6mTuWPk9RlhDeP1dgNRUKC3NJxji74A4yL8M2MwlhLKUC/49WHjrNzSPug58fWx/yFbaTzGAQSBw==}

  /balanced-match/1.0.2:
    resolution: {integrity: sha512-3oSeUO0TMV67hN1AmbXsK4yaqU7tjiHlbxRDZOpH0KW9+CeX4bRAaX0Anxt0tx2MrpRpWwQaPwIlISEJhYU5Pw==}
    dev: true

  /boolbase/1.0.0:
    resolution: {integrity: sha512-JZOSA7Mo9sNGB8+UjSgzdLtokWAky1zbztM3WRLCbZ70/3cTANmQmOdR7y2g+J0e2WXywy1yS468tY+IruqEww==}
    dev: true

  /browserslist/4.21.3:
    resolution: {integrity: sha512-898rgRXLAyRkM1GryrrBHGkqA5hlpkV5MhtZwg9QXeiyLUYs2k00Un05aX5l2/yJIOObYKOpS2JNo8nJDE7fWQ==}
    engines: {node: ^6 || ^7 || ^8 || ^9 || ^10 || ^11 || ^12 || >=13.7}
    hasBin: true
    dependencies:
      caniuse-lite: 1.0.30001399
      electron-to-chromium: 1.4.249
      node-releases: 2.0.6
      update-browserslist-db: 1.0.9_browserslist@4.21.3
    dev: true

  /caniuse-api/3.0.0:
    resolution: {integrity: sha512-bsTwuIg/BZZK/vreVTYYbSWoe2F+71P7K5QGEX+pT250DZbfU1MQ5prOKpPR+LL6uWKK3KMwMCAS74QB3Um1uw==}
    dependencies:
      browserslist: 4.21.3
      caniuse-lite: 1.0.30001399
      lodash.memoize: 4.1.2
      lodash.uniq: 4.5.0
    dev: true

  /caniuse-lite/1.0.30001399:
    resolution: {integrity: sha512-4vQ90tMKS+FkvuVWS5/QY1+d805ODxZiKFzsU8o/RsVJz49ZSRR8EjykLJbqhzdPgadbX6wB538wOzle3JniRA==}
    dev: true

  /colord/2.9.3:
    resolution: {integrity: sha512-jeC1axXpnb0/2nn/Y1LPuLdgXBLH7aDcHu4KEKfqw3CUhX7ZpfBSlPKyqXE6btIgEzfWtrX3/tyBCaCvXvMkOw==}
    dev: true

  /commander/7.2.0:
    resolution: {integrity: sha512-QrWXB+ZQSVPmIWIhtEO9H+gwHaMGYiF5ChvoJ+K9ZGHG/sVsa6yiesAD1GC/x46sET00Xlwo1u49RVVVzvcSkw==}
    engines: {node: '>= 10'}
    dev: true

  /css-declaration-sorter/6.3.1_postcss@8.4.16:
    resolution: {integrity: sha512-fBffmak0bPAnyqc/HO8C3n2sHrp9wcqQz6ES9koRF2/mLOVAx9zIQ3Y7R29sYCteTPqMCwns4WYQoCX91Xl3+w==}
    engines: {node: ^10 || ^12 || >=14}
    peerDependencies:
      postcss: ^8.0.9
    dependencies:
      postcss: 8.4.16
    dev: true

  /css-select/4.3.0:
    resolution: {integrity: sha512-wPpOYtnsVontu2mODhA19JrqWxNsfdatRKd64kmpRbQgh1KtItko5sTnEpPdpSaJszTOhEMlF/RPz28qj4HqhQ==}
    dependencies:
      boolbase: 1.0.0
      css-what: 6.1.0
      domhandler: 4.3.1
      domutils: 2.8.0
      nth-check: 2.1.1
    dev: true

  /css-tree/1.1.3:
    resolution: {integrity: sha512-tRpdppF7TRazZrjJ6v3stzv93qxRcSsFmW6cX0Zm2NVKpxE1WV1HblnghVv9TreireHkqI/VDEsfolRF1p6y7Q==}
    engines: {node: '>=8.0.0'}
    dependencies:
      mdn-data: 2.0.14
      source-map: 0.6.1
    dev: true

  /css-what/6.1.0:
    resolution: {integrity: sha512-HTUrgRJ7r4dsZKU6GjmpfRK1O76h97Z8MfS1G0FozR+oF2kG6Vfe8JE6zwrkbxigziPHinCJ+gCPjA9EaBDtRw==}
    engines: {node: '>= 6'}
    dev: true

  /cssesc/3.0.0:
    resolution: {integrity: sha512-/Tb/JcjK111nNScGob5MNtsntNM1aCNUDipB/TkwZFhyDrrE47SOx/18wF2bbjgc3ZzCSKW1T5nt5EbFoAz/Vg==}
    engines: {node: '>=4'}
    hasBin: true
    dev: true

  /cssnano-preset-default/5.2.12_postcss@8.4.16:
    resolution: {integrity: sha512-OyCBTZi+PXgylz9HAA5kHyoYhfGcYdwFmyaJzWnzxuGRtnMw/kR6ilW9XzlzlRAtB6PLT/r+prYgkef7hngFew==}
    engines: {node: ^10 || ^12 || >=14.0}
    peerDependencies:
      postcss: ^8.2.15
    dependencies:
      css-declaration-sorter: 6.3.1_postcss@8.4.16
      cssnano-utils: 3.1.0_postcss@8.4.16
      postcss: 8.4.16
      postcss-calc: 8.2.4_postcss@8.4.16
      postcss-colormin: 5.3.0_postcss@8.4.16
      postcss-convert-values: 5.1.2_postcss@8.4.16
      postcss-discard-comments: 5.1.2_postcss@8.4.16
      postcss-discard-duplicates: 5.1.0_postcss@8.4.16
      postcss-discard-empty: 5.1.1_postcss@8.4.16
      postcss-discard-overridden: 5.1.0_postcss@8.4.16
      postcss-merge-longhand: 5.1.6_postcss@8.4.16
      postcss-merge-rules: 5.1.2_postcss@8.4.16
      postcss-minify-font-values: 5.1.0_postcss@8.4.16
      postcss-minify-gradients: 5.1.1_postcss@8.4.16
      postcss-minify-params: 5.1.3_postcss@8.4.16
      postcss-minify-selectors: 5.2.1_postcss@8.4.16
      postcss-normalize-charset: 5.1.0_postcss@8.4.16
      postcss-normalize-display-values: 5.1.0_postcss@8.4.16
      postcss-normalize-positions: 5.1.1_postcss@8.4.16
      postcss-normalize-repeat-style: 5.1.1_postcss@8.4.16
      postcss-normalize-string: 5.1.0_postcss@8.4.16
      postcss-normalize-timing-functions: 5.1.0_postcss@8.4.16
      postcss-normalize-unicode: 5.1.0_postcss@8.4.16
      postcss-normalize-url: 5.1.0_postcss@8.4.16
      postcss-normalize-whitespace: 5.1.1_postcss@8.4.16
      postcss-ordered-values: 5.1.3_postcss@8.4.16
      postcss-reduce-initial: 5.1.0_postcss@8.4.16
      postcss-reduce-transforms: 5.1.0_postcss@8.4.16
      postcss-svgo: 5.1.0_postcss@8.4.16
      postcss-unique-selectors: 5.1.1_postcss@8.4.16
    dev: true

  /cssnano-utils/3.1.0_postcss@8.4.16:
    resolution: {integrity: sha512-JQNR19/YZhz4psLX/rQ9M83e3z2Wf/HdJbryzte4a3NSuafyp9w/I4U+hx5C2S9g41qlstH7DEWnZaaj83OuEA==}
    engines: {node: ^10 || ^12 || >=14.0}
    peerDependencies:
      postcss: ^8.2.15
    dependencies:
      postcss: 8.4.16
    dev: true

  /cssnano/5.1.13_postcss@8.4.16:
    resolution: {integrity: sha512-S2SL2ekdEz6w6a2epXn4CmMKU4K3KpcyXLKfAYc9UQQqJRkD/2eLUG0vJ3Db/9OvO5GuAdgXw3pFbR6abqghDQ==}
    engines: {node: ^10 || ^12 || >=14.0}
    peerDependencies:
      postcss: ^8.2.15
    dependencies:
      cssnano-preset-default: 5.2.12_postcss@8.4.16
      lilconfig: 2.0.6
      postcss: 8.4.16
      yaml: 1.10.2
    dev: true

  /csso/4.2.0:
    resolution: {integrity: sha512-wvlcdIbf6pwKEk7vHj8/Bkc0B4ylXZruLvOgs9doS5eOsOpuodOV2zJChSpkp+pRpYQLQMeF04nr3Z68Sta9jA==}
    engines: {node: '>=8.0.0'}
    dependencies:
      css-tree: 1.1.3
    dev: true

  /csstype/2.6.20:
    resolution: {integrity: sha512-/WwNkdXfckNgw6S5R125rrW8ez139lBHWouiBvX8dfMFtcn6V81REDqnH7+CRpRipfYlyU1CmOnOxrmGcFOjeA==}

  /dom-serializer/1.4.1:
    resolution: {integrity: sha512-VHwB3KfrcOOkelEG2ZOfxqLZdfkil8PtJi4P8N2MMXucZq2yLp75ClViUlOVwyoHEDjYU433Aq+5zWP61+RGag==}
    dependencies:
      domelementtype: 2.3.0
      domhandler: 4.3.1
      entities: 2.2.0
    dev: true

  /domelementtype/2.3.0:
    resolution: {integrity: sha512-OLETBj6w0OsagBwdXnPdN0cnMfF9opN69co+7ZrbfPGrdpPVNBUj02spi6B1N7wChLQiPn4CSH/zJvXw56gmHw==}
    dev: true

  /domhandler/4.3.1:
    resolution: {integrity: sha512-GrwoxYN+uWlzO8uhUXRl0P+kHE4GtVPfYzVLcUxPL7KNdHKj66vvlhiweIHqYYXWlw+T8iLMp42Lm67ghw4WMQ==}
    engines: {node: '>= 4'}
    dependencies:
      domelementtype: 2.3.0
    dev: true

  /domutils/2.8.0:
    resolution: {integrity: sha512-w96Cjofp72M5IIhpjgobBimYEfoPjx1Vx0BSX9P30WBdZW2WIKU0T1Bd0kz2eNZ9ikjKgHbEyKx8BB6H1L3h3A==}
    dependencies:
      dom-serializer: 1.4.1
      domelementtype: 2.3.0
      domhandler: 4.3.1
    dev: true

  /electron-to-chromium/1.4.249:
    resolution: {integrity: sha512-GMCxR3p2HQvIw47A599crTKYZprqihoBL4lDSAUmr7IYekXFK5t/WgEBrGJDCa2HWIZFQEkGuMqPCi05ceYqPQ==}
    dev: true

  /entities/2.2.0:
    resolution: {integrity: sha512-p92if5Nz619I0w+akJrLZH0MX0Pb5DX39XOwQTtXSdQQOaYH03S1uIQp4mhOZtAXrxq4ViO67YTiLBo2638o9A==}
    dev: true

  /esbuild-android-64/0.15.7:
    resolution: {integrity: sha512-p7rCvdsldhxQr3YHxptf1Jcd86dlhvc3EQmQJaZzzuAxefO9PvcI0GLOa5nCWem1AJ8iMRu9w0r5TG8pHmbi9w==}
    engines: {node: '>=12'}
    cpu: [x64]
    os: [android]
    requiresBuild: true
    dev: true
    optional: true

  /esbuild-android-arm64/0.15.7:
    resolution: {integrity: sha512-L775l9ynJT7rVqRM5vo+9w5g2ysbOCfsdLV4CWanTZ1k/9Jb3IYlQ06VCI1edhcosTYJRECQFJa3eAvkx72eyQ==}
    engines: {node: '>=12'}
    cpu: [arm64]
    os: [android]
    requiresBuild: true
    dev: true
    optional: true

  /esbuild-darwin-64/0.15.7:
    resolution: {integrity: sha512-KGPt3r1c9ww009t2xLB6Vk0YyNOXh7hbjZ3EecHoVDxgtbUlYstMPDaReimKe6eOEfyY4hBEEeTvKwPsiH5WZg==}
    engines: {node: '>=12'}
    cpu: [x64]
    os: [darwin]
    requiresBuild: true
    dev: true
    optional: true

  /esbuild-darwin-arm64/0.15.7:
    resolution: {integrity: sha512-kBIHvtVqbSGajN88lYMnR3aIleH3ABZLLFLxwL2stiuIGAjGlQW741NxVTpUHQXUmPzxi6POqc9npkXa8AcSZQ==}
    engines: {node: '>=12'}
    cpu: [arm64]
    os: [darwin]
    requiresBuild: true
    dev: true
    optional: true

  /esbuild-freebsd-64/0.15.7:
    resolution: {integrity: sha512-hESZB91qDLV5MEwNxzMxPfbjAhOmtfsr9Wnuci7pY6TtEh4UDuevmGmkUIjX/b+e/k4tcNBMf7SRQ2mdNuK/HQ==}
    engines: {node: '>=12'}
    cpu: [x64]
    os: [freebsd]
    requiresBuild: true
    dev: true
    optional: true

  /esbuild-freebsd-arm64/0.15.7:
    resolution: {integrity: sha512-dLFR0ChH5t+b3J8w0fVKGvtwSLWCv7GYT2Y2jFGulF1L5HftQLzVGN+6pi1SivuiVSmTh28FwUhi9PwQicXI6Q==}
    engines: {node: '>=12'}
    cpu: [arm64]
    os: [freebsd]
    requiresBuild: true
    dev: true
    optional: true

  /esbuild-linux-32/0.15.7:
    resolution: {integrity: sha512-v3gT/LsONGUZcjbt2swrMjwxo32NJzk+7sAgtxhGx1+ZmOFaTRXBAi1PPfgpeo/J//Un2jIKm/I+qqeo4caJvg==}
    engines: {node: '>=12'}
    cpu: [ia32]
    os: [linux]
    requiresBuild: true
    dev: true
    optional: true

  /esbuild-linux-64/0.15.7:
    resolution: {integrity: sha512-LxXEfLAKwOVmm1yecpMmWERBshl+Kv5YJ/1KnyAr6HRHFW8cxOEsEfisD3sVl/RvHyW//lhYUVSuy9jGEfIRAQ==}
    engines: {node: '>=12'}
    cpu: [x64]
    os: [linux]
    requiresBuild: true
    dev: true
    optional: true

  /esbuild-linux-arm/0.15.7:
    resolution: {integrity: sha512-JKgAHtMR5f75wJTeuNQbyznZZa+pjiUHV7sRZp42UNdyXC6TiUYMW/8z8yIBAr2Fpad8hM1royZKQisqPABPvQ==}
    engines: {node: '>=12'}
    cpu: [arm]
    os: [linux]
    requiresBuild: true
    dev: true
    optional: true

  /esbuild-linux-arm64/0.15.7:
    resolution: {integrity: sha512-P3cfhudpzWDkglutWgXcT2S7Ft7o2e3YDMrP1n0z2dlbUZghUkKCyaWw0zhp4KxEEzt/E7lmrtRu/pGWnwb9vw==}
    engines: {node: '>=12'}
    cpu: [arm64]
    os: [linux]
    requiresBuild: true
    dev: true
    optional: true

  /esbuild-linux-mips64le/0.15.7:
    resolution: {integrity: sha512-T7XKuxl0VpeFLCJXub6U+iybiqh0kM/bWOTb4qcPyDDwNVhLUiPcGdG2/0S7F93czUZOKP57YiLV8YQewgLHKw==}
    engines: {node: '>=12'}
    cpu: [mips64el]
    os: [linux]
    requiresBuild: true
    dev: true
    optional: true

  /esbuild-linux-ppc64le/0.15.7:
    resolution: {integrity: sha512-6mGuC19WpFN7NYbecMIJjeQgvDb5aMuvyk0PDYBJrqAEMkTwg3Z98kEKuCm6THHRnrgsdr7bp4SruSAxEM4eJw==}
    engines: {node: '>=12'}
    cpu: [ppc64]
    os: [linux]
    requiresBuild: true
    dev: true
    optional: true

  /esbuild-linux-riscv64/0.15.7:
    resolution: {integrity: sha512-uUJsezbswAYo/X7OU/P+PuL/EI9WzxsEQXDekfwpQ23uGiooxqoLFAPmXPcRAt941vjlY9jtITEEikWMBr+F/g==}
    engines: {node: '>=12'}
    cpu: [riscv64]
    os: [linux]
    requiresBuild: true
    dev: true
    optional: true

  /esbuild-linux-s390x/0.15.7:
    resolution: {integrity: sha512-+tO+xOyTNMc34rXlSxK7aCwJgvQyffqEM5MMdNDEeMU3ss0S6wKvbBOQfgd5jRPblfwJ6b+bKiz0g5nABpY0QQ==}
    engines: {node: '>=12'}
    cpu: [s390x]
    os: [linux]
    requiresBuild: true
    dev: true
    optional: true

  /esbuild-netbsd-64/0.15.7:
    resolution: {integrity: sha512-yVc4Wz+Pu3cP5hzm5kIygNPrjar/v5WCSoRmIjCPWfBVJkZNb5brEGKUlf+0Y759D48BCWa0WHrWXaNy0DULTQ==}
    engines: {node: '>=12'}
    cpu: [x64]
    os: [netbsd]
    requiresBuild: true
    dev: true
    optional: true

  /esbuild-openbsd-64/0.15.7:
    resolution: {integrity: sha512-GsimbwC4FSR4lN3wf8XmTQ+r8/0YSQo21rWDL0XFFhLHKlzEA4SsT1Tl8bPYu00IU6UWSJ+b3fG/8SB69rcuEQ==}
    engines: {node: '>=12'}
    cpu: [x64]
    os: [openbsd]
    requiresBuild: true
    dev: true
    optional: true

  /esbuild-sunos-64/0.15.7:
    resolution: {integrity: sha512-8CDI1aL/ts0mDGbWzjEOGKXnU7p3rDzggHSBtVryQzkSOsjCHRVe0iFYUuhczlxU1R3LN/E7HgUO4NXzGGP/Ag==}
    engines: {node: '>=12'}
    cpu: [x64]
    os: [sunos]
    requiresBuild: true
    dev: true
    optional: true

  /esbuild-windows-32/0.15.7:
    resolution: {integrity: sha512-cOnKXUEPS8EGCzRSFa1x6NQjGhGsFlVgjhqGEbLTPsA7x4RRYiy2RKoArNUU4iR2vHmzqS5Gr84MEumO/wxYKA==}
    engines: {node: '>=12'}
    cpu: [ia32]
    os: [win32]
    requiresBuild: true
    dev: true
    optional: true

  /esbuild-windows-64/0.15.7:
    resolution: {integrity: sha512-7MI08Ec2sTIDv+zH6StNBKO+2hGUYIT42GmFyW6MBBWWtJhTcQLinKS6ldIN1d52MXIbiJ6nXyCJ+LpL4jBm3Q==}
    engines: {node: '>=12'}
    cpu: [x64]
    os: [win32]
    requiresBuild: true
    dev: true
    optional: true

  /esbuild-windows-arm64/0.15.7:
    resolution: {integrity: sha512-R06nmqBlWjKHddhRJYlqDd3Fabx9LFdKcjoOy08YLimwmsswlFBJV4rXzZCxz/b7ZJXvrZgj8DDv1ewE9+StMw==}
    engines: {node: '>=12'}
    cpu: [arm64]
    os: [win32]
    requiresBuild: true
    dev: true
    optional: true

  /esbuild/0.15.7:
    resolution: {integrity: sha512-7V8tzllIbAQV1M4QoE52ImKu8hT/NLGlGXkiDsbEU5PS6K8Mn09ZnYoS+dcmHxOS9CRsV4IRAMdT3I67IyUNXw==}
    engines: {node: '>=12'}
    hasBin: true
    requiresBuild: true
    optionalDependencies:
      '@esbuild/linux-loong64': 0.15.7
      esbuild-android-64: 0.15.7
      esbuild-android-arm64: 0.15.7
      esbuild-darwin-64: 0.15.7
      esbuild-darwin-arm64: 0.15.7
      esbuild-freebsd-64: 0.15.7
      esbuild-freebsd-arm64: 0.15.7
      esbuild-linux-32: 0.15.7
      esbuild-linux-64: 0.15.7
      esbuild-linux-arm: 0.15.7
      esbuild-linux-arm64: 0.15.7
      esbuild-linux-mips64le: 0.15.7
      esbuild-linux-ppc64le: 0.15.7
      esbuild-linux-riscv64: 0.15.7
      esbuild-linux-s390x: 0.15.7
      esbuild-netbsd-64: 0.15.7
      esbuild-openbsd-64: 0.15.7
      esbuild-sunos-64: 0.15.7
      esbuild-windows-32: 0.15.7
      esbuild-windows-64: 0.15.7
      esbuild-windows-arm64: 0.15.7
    dev: true

  /escalade/3.1.1:
    resolution: {integrity: sha512-k0er2gUkLf8O0zKJiAhmkTnJlTvINGv7ygDNPbeIsX/TJjGJZHuh9B2UxbsaEkmlEo9MfhrSzmhIlhRlI2GXnw==}
    engines: {node: '>=6'}
    dev: true

  /escape-string-regexp/1.0.5:
    resolution: {integrity: sha512-vbRorB5FUQWvla16U8R/qgaFIya2qGzwDrNmCZuYKrbdSUMG6I1ZCGQRefkRVhuOkIGVne7BQ35DSfo1qvJqFg==}
    engines: {node: '>=0.8.0'}
    dev: true

  /estree-walker/2.0.2:
    resolution: {integrity: sha512-Rfkk/Mp/DL7JVje3u18FxFujQlTNR2q6QfMSMB7AvCBx91NGj/ba3kCfza0f6dVDbw7YlRf/nDrn7pQrCCyQ/w==}

  /extend/3.0.2:
    resolution: {integrity: sha512-fjquC59cD7CyW6urNXK0FBufkZcoiGG80wTuPujX590cB5Ttln20E2UB4S/WARVqhXffZl2LNgS+gQdPIIim/g==}
    dev: true

  /fsevents/2.3.2:
    resolution: {integrity: sha512-xiqMQR4xAeHTuB9uWm+fFRcIOgKBMiOBP+eXiyT7jsgVCq1bkVygt00oASowB7EdtpOHaaPgKt812P9ab+DDKA==}
    engines: {node: ^8.16.0 || ^10.6.0 || >=11.0.0}
    os: [darwin]
    requiresBuild: true
    dev: true
    optional: true

  /function-bind/1.1.1:
    resolution: {integrity: sha512-yIovAzMX49sF8Yl58fSCWJ5svSLuaibPxXQJFLmBObTuCr0Mf1KiPopGM9NiFjiYBCbfaa2Fh6breQ6ANVTI0A==}
    dev: true

  /has/1.0.3:
    resolution: {integrity: sha512-f2dvO0VU6Oej7RkWJGrehjbzMAjFp5/VKPp5tTpWIV4JHHZK1/BxbFRtf/siA2SWTe09caDmVtYYzWEIbBS4zw==}
    engines: {node: '>= 0.4.0'}
    dependencies:
      function-bind: 1.1.1
    dev: true

  /is-core-module/2.10.0:
    resolution: {integrity: sha512-Erxj2n/LDAZ7H8WNJXd9tw38GYM3dv8rk8Zcs+jJuxYTW7sozH+SS8NtrSjVL1/vpLvWi1hxy96IzjJ3EHTJJg==}
    dependencies:
      has: 1.0.3
    dev: true

  /lilconfig/2.0.6:
    resolution: {integrity: sha512-9JROoBW7pobfsx+Sq2JsASvCo6Pfo6WWoUW79HuB1BCoBXD4PLWJPqDF6fNj67pqBYTbAHkE57M1kS/+L1neOg==}
    engines: {node: '>=10'}
    dev: true

  /lodash.memoize/4.1.2:
    resolution: {integrity: sha512-t7j+NzmgnQzTAYXcsHYLgimltOV1MXHtlOWf6GjL9Kj8GK5FInw5JotxvbOs+IvV1/Dzo04/fCGfLVs7aXb4Ag==}
    dev: true

  /lodash.uniq/4.5.0:
    resolution: {integrity: sha512-xfBaXQd9ryd9dlSDvnvI0lvxfLJlYAZzXomUYzLKtUeOQvOP5piqAWuGtrhWeqaXK9hhoM/iyJc5AV+XfsX3HQ==}
    dev: true

  /magic-string/0.25.9:
    resolution: {integrity: sha512-RmF0AsMzgt25qzqqLc1+MbHmhdx0ojF2Fvs4XnOqz2ZOBXzzkEwc/dJQZCYHAn7v1jbVOjAZfK8msRn4BxO4VQ==}
    dependencies:
      sourcemap-codec: 1.4.8

  /mdn-data/2.0.14:
    resolution: {integrity: sha512-dn6wd0uw5GsdswPFfsgMp5NSB0/aDe6fK94YJV/AJDYXL6HVLWBsxeq7js7Ad+mU2K9LAlwpk6kN2D5mwCPVow==}
    dev: true

  /nanoid/3.3.4:
    resolution: {integrity: sha512-MqBkQh/OHTS2egovRtLk45wEyNXwF+cokD+1YPf9u5VfJiRdAiRwB2froX5Co9Rh20xs4siNPm8naNotSD6RBw==}
    engines: {node: ^10 || ^12 || ^13.7 || ^14 || >=15.0.1}
    hasBin: true

  /node-releases/2.0.6:
    resolution: {integrity: sha512-PiVXnNuFm5+iYkLBNeq5211hvO38y63T0i2KKh2KnUs3RpzJ+JtODFjkD8yjLwnDkTYF1eKXheUwdssR+NRZdg==}
    dev: true

  /normalize-url/6.1.0:
    resolution: {integrity: sha512-DlL+XwOy3NxAQ8xuC0okPgK46iuVNAK01YN7RueYBqqFeGsBjV9XmCAzAdgt+667bCl5kPh9EqKKDwnaPG1I7A==}
    engines: {node: '>=10'}
    dev: true

  /nth-check/2.1.1:
    resolution: {integrity: sha512-lqjrjmaOoAnWfMmBPL+XNnynZh2+swxiX3WUE0s4yEHI6m+AwrK2UZOimIRl3X/4QctVqS8AiZjFqyOGrMXb/w==}
    dependencies:
      boolbase: 1.0.0
    dev: true

  /path-parse/1.0.7:
    resolution: {integrity: sha512-LDJzPVEEEPR+y48z93A0Ed0yXb8pAByGWo/k5YYdYgpY2/2EsOsksJrq7lOHxryrVOn1ejG6oAp8ahvOIQD8sw==}
    dev: true

  /picocolors/1.0.0:
    resolution: {integrity: sha512-1fygroTLlHu66zi26VoTDv8yRgm0Fccecssto+MhsZ0D/DGW2sm8E8AjW7NU5VVTRt5GxbeZ5qBuJr+HyLYkjQ==}

  /postcss-calc/8.2.4_postcss@8.4.16:
    resolution: {integrity: sha512-SmWMSJmB8MRnnULldx0lQIyhSNvuDl9HfrZkaqqE/WHAhToYsAvDq+yAsA/kIyINDszOp3Rh0GFoNuH5Ypsm3Q==}
    peerDependencies:
      postcss: ^8.2.2
    dependencies:
      postcss: 8.4.16
      postcss-selector-parser: 6.0.10
      postcss-value-parser: 4.2.0
    dev: true

  /postcss-colormin/5.3.0_postcss@8.4.16:
    resolution: {integrity: sha512-WdDO4gOFG2Z8n4P8TWBpshnL3JpmNmJwdnfP2gbk2qBA8PWwOYcmjmI/t3CmMeL72a7Hkd+x/Mg9O2/0rD54Pg==}
    engines: {node: ^10 || ^12 || >=14.0}
    peerDependencies:
      postcss: ^8.2.15
    dependencies:
      browserslist: 4.21.3
      caniuse-api: 3.0.0
      colord: 2.9.3
      postcss: 8.4.16
      postcss-value-parser: 4.2.0
    dev: true

  /postcss-convert-values/5.1.2_postcss@8.4.16:
    resolution: {integrity: sha512-c6Hzc4GAv95B7suy4udszX9Zy4ETyMCgFPUDtWjdFTKH1SE9eFY/jEpHSwTH1QPuwxHpWslhckUQWbNRM4ho5g==}
    engines: {node: ^10 || ^12 || >=14.0}
    peerDependencies:
      postcss: ^8.2.15
    dependencies:
      browserslist: 4.21.3
      postcss: 8.4.16
      postcss-value-parser: 4.2.0
    dev: true

  /postcss-css-variables/0.18.0_postcss@8.4.16:
    resolution: {integrity: sha512-lYS802gHbzn1GI+lXvy9MYIYDuGnl1WB4FTKoqMQqJ3Mab09A7a/1wZvGTkCEZJTM8mSbIyb1mJYn8f0aPye0Q==}
    peerDependencies:
      postcss: ^8.2.6
    dependencies:
      balanced-match: 1.0.2
      escape-string-regexp: 1.0.5
      extend: 3.0.2
      postcss: 8.4.16
    dev: true

  /postcss-discard-comments/5.1.2_postcss@8.4.16:
    resolution: {integrity: sha512-+L8208OVbHVF2UQf1iDmRcbdjJkuBF6IS29yBDSiWUIzpYaAhtNl6JYnYm12FnkeCwQqF5LeklOu6rAqgfBZqQ==}
    engines: {node: ^10 || ^12 || >=14.0}
    peerDependencies:
      postcss: ^8.2.15
    dependencies:
      postcss: 8.4.16
    dev: true

  /postcss-discard-duplicates/5.1.0_postcss@8.4.16:
    resolution: {integrity: sha512-zmX3IoSI2aoenxHV6C7plngHWWhUOV3sP1T8y2ifzxzbtnuhk1EdPwm0S1bIUNaJ2eNbWeGLEwzw8huPD67aQw==}
    engines: {node: ^10 || ^12 || >=14.0}
    peerDependencies:
      postcss: ^8.2.15
    dependencies:
      postcss: 8.4.16
    dev: true

  /postcss-discard-empty/5.1.1_postcss@8.4.16:
    resolution: {integrity: sha512-zPz4WljiSuLWsI0ir4Mcnr4qQQ5e1Ukc3i7UfE2XcrwKK2LIPIqE5jxMRxO6GbI3cv//ztXDsXwEWT3BHOGh3A==}
    engines: {node: ^10 || ^12 || >=14.0}
    peerDependencies:
      postcss: ^8.2.15
    dependencies:
      postcss: 8.4.16
    dev: true

  /postcss-discard-overridden/5.1.0_postcss@8.4.16:
    resolution: {integrity: sha512-21nOL7RqWR1kasIVdKs8HNqQJhFxLsyRfAnUDm4Fe4t4mCWL9OJiHvlHPjcd8zc5Myu89b/7wZDnOSjFgeWRtw==}
    engines: {node: ^10 || ^12 || >=14.0}
    peerDependencies:
      postcss: ^8.2.15
    dependencies:
      postcss: 8.4.16
    dev: true

  /postcss-merge-longhand/5.1.6_postcss@8.4.16:
    resolution: {integrity: sha512-6C/UGF/3T5OE2CEbOuX7iNO63dnvqhGZeUnKkDeifebY0XqkkvrctYSZurpNE902LDf2yKwwPFgotnfSoPhQiw==}
    engines: {node: ^10 || ^12 || >=14.0}
    peerDependencies:
      postcss: ^8.2.15
    dependencies:
      postcss: 8.4.16
      postcss-value-parser: 4.2.0
      stylehacks: 5.1.0_postcss@8.4.16
    dev: true

  /postcss-merge-rules/5.1.2_postcss@8.4.16:
    resolution: {integrity: sha512-zKMUlnw+zYCWoPN6yhPjtcEdlJaMUZ0WyVcxTAmw3lkkN/NDMRkOkiuctQEoWAOvH7twaxUUdvBWl0d4+hifRQ==}
    engines: {node: ^10 || ^12 || >=14.0}
    peerDependencies:
      postcss: ^8.2.15
    dependencies:
      browserslist: 4.21.3
      caniuse-api: 3.0.0
      cssnano-utils: 3.1.0_postcss@8.4.16
      postcss: 8.4.16
      postcss-selector-parser: 6.0.10
    dev: true

  /postcss-minify-font-values/5.1.0_postcss@8.4.16:
    resolution: {integrity: sha512-el3mYTgx13ZAPPirSVsHqFzl+BBBDrXvbySvPGFnQcTI4iNslrPaFq4muTkLZmKlGk4gyFAYUBMH30+HurREyA==}
    engines: {node: ^10 || ^12 || >=14.0}
    peerDependencies:
      postcss: ^8.2.15
    dependencies:
      postcss: 8.4.16
      postcss-value-parser: 4.2.0
    dev: true

  /postcss-minify-gradients/5.1.1_postcss@8.4.16:
    resolution: {integrity: sha512-VGvXMTpCEo4qHTNSa9A0a3D+dxGFZCYwR6Jokk+/3oB6flu2/PnPXAh2x7x52EkY5xlIHLm+Le8tJxe/7TNhzw==}
    engines: {node: ^10 || ^12 || >=14.0}
    peerDependencies:
      postcss: ^8.2.15
    dependencies:
      colord: 2.9.3
      cssnano-utils: 3.1.0_postcss@8.4.16
      postcss: 8.4.16
      postcss-value-parser: 4.2.0
    dev: true

  /postcss-minify-params/5.1.3_postcss@8.4.16:
    resolution: {integrity: sha512-bkzpWcjykkqIujNL+EVEPOlLYi/eZ050oImVtHU7b4lFS82jPnsCb44gvC6pxaNt38Els3jWYDHTjHKf0koTgg==}
    engines: {node: ^10 || ^12 || >=14.0}
    peerDependencies:
      postcss: ^8.2.15
    dependencies:
      browserslist: 4.21.3
      cssnano-utils: 3.1.0_postcss@8.4.16
      postcss: 8.4.16
      postcss-value-parser: 4.2.0
    dev: true

  /postcss-minify-selectors/5.2.1_postcss@8.4.16:
    resolution: {integrity: sha512-nPJu7OjZJTsVUmPdm2TcaiohIwxP+v8ha9NehQ2ye9szv4orirRU3SDdtUmKH+10nzn0bAyOXZ0UEr7OpvLehg==}
    engines: {node: ^10 || ^12 || >=14.0}
    peerDependencies:
      postcss: ^8.2.15
    dependencies:
      postcss: 8.4.16
      postcss-selector-parser: 6.0.10
    dev: true

  /postcss-nested/5.0.6_postcss@8.4.16:
    resolution: {integrity: sha512-rKqm2Fk0KbA8Vt3AdGN0FB9OBOMDVajMG6ZCf/GoHgdxUJ4sBFp0A/uMIRm+MJUdo33YXEtjqIz8u7DAp8B7DA==}
    engines: {node: '>=12.0'}
    peerDependencies:
      postcss: ^8.2.14
    dependencies:
      postcss: 8.4.16
      postcss-selector-parser: 6.0.10
    dev: true

  /postcss-normalize-charset/5.1.0_postcss@8.4.16:
    resolution: {integrity: sha512-mSgUJ+pd/ldRGVx26p2wz9dNZ7ji6Pn8VWBajMXFf8jk7vUoSrZ2lt/wZR7DtlZYKesmZI680qjr2CeFF2fbUg==}
    engines: {node: ^10 || ^12 || >=14.0}
    peerDependencies:
      postcss: ^8.2.15
    dependencies:
      postcss: 8.4.16
    dev: true

  /postcss-normalize-display-values/5.1.0_postcss@8.4.16:
    resolution: {integrity: sha512-WP4KIM4o2dazQXWmFaqMmcvsKmhdINFblgSeRgn8BJ6vxaMyaJkwAzpPpuvSIoG/rmX3M+IrRZEz2H0glrQNEA==}
    engines: {node: ^10 || ^12 || >=14.0}
    peerDependencies:
      postcss: ^8.2.15
    dependencies:
      postcss: 8.4.16
      postcss-value-parser: 4.2.0
    dev: true

  /postcss-normalize-positions/5.1.1_postcss@8.4.16:
    resolution: {integrity: sha512-6UpCb0G4eofTCQLFVuI3EVNZzBNPiIKcA1AKVka+31fTVySphr3VUgAIULBhxZkKgwLImhzMR2Bw1ORK+37INg==}
    engines: {node: ^10 || ^12 || >=14.0}
    peerDependencies:
      postcss: ^8.2.15
    dependencies:
      postcss: 8.4.16
      postcss-value-parser: 4.2.0
    dev: true

  /postcss-normalize-repeat-style/5.1.1_postcss@8.4.16:
    resolution: {integrity: sha512-mFpLspGWkQtBcWIRFLmewo8aC3ImN2i/J3v8YCFUwDnPu3Xz4rLohDO26lGjwNsQxB3YF0KKRwspGzE2JEuS0g==}
    engines: {node: ^10 || ^12 || >=14.0}
    peerDependencies:
      postcss: ^8.2.15
    dependencies:
      postcss: 8.4.16
      postcss-value-parser: 4.2.0
    dev: true

  /postcss-normalize-string/5.1.0_postcss@8.4.16:
    resolution: {integrity: sha512-oYiIJOf4T9T1N4i+abeIc7Vgm/xPCGih4bZz5Nm0/ARVJ7K6xrDlLwvwqOydvyL3RHNf8qZk6vo3aatiw/go3w==}
    engines: {node: ^10 || ^12 || >=14.0}
    peerDependencies:
      postcss: ^8.2.15
    dependencies:
      postcss: 8.4.16
      postcss-value-parser: 4.2.0
    dev: true

  /postcss-normalize-timing-functions/5.1.0_postcss@8.4.16:
    resolution: {integrity: sha512-DOEkzJ4SAXv5xkHl0Wa9cZLF3WCBhF3o1SKVxKQAa+0pYKlueTpCgvkFAHfk+Y64ezX9+nITGrDZeVGgITJXjg==}
    engines: {node: ^10 || ^12 || >=14.0}
    peerDependencies:
      postcss: ^8.2.15
    dependencies:
      postcss: 8.4.16
      postcss-value-parser: 4.2.0
    dev: true

  /postcss-normalize-unicode/5.1.0_postcss@8.4.16:
    resolution: {integrity: sha512-J6M3MizAAZ2dOdSjy2caayJLQT8E8K9XjLce8AUQMwOrCvjCHv24aLC/Lps1R1ylOfol5VIDMaM/Lo9NGlk1SQ==}
    engines: {node: ^10 || ^12 || >=14.0}
    peerDependencies:
      postcss: ^8.2.15
    dependencies:
      browserslist: 4.21.3
      postcss: 8.4.16
      postcss-value-parser: 4.2.0
    dev: true

  /postcss-normalize-url/5.1.0_postcss@8.4.16:
    resolution: {integrity: sha512-5upGeDO+PVthOxSmds43ZeMeZfKH+/DKgGRD7TElkkyS46JXAUhMzIKiCa7BabPeIy3AQcTkXwVVN7DbqsiCew==}
    engines: {node: ^10 || ^12 || >=14.0}
    peerDependencies:
      postcss: ^8.2.15
    dependencies:
      normalize-url: 6.1.0
      postcss: 8.4.16
      postcss-value-parser: 4.2.0
    dev: true

  /postcss-normalize-whitespace/5.1.1_postcss@8.4.16:
    resolution: {integrity: sha512-83ZJ4t3NUDETIHTa3uEg6asWjSBYL5EdkVB0sDncx9ERzOKBVJIUeDO9RyA9Zwtig8El1d79HBp0JEi8wvGQnA==}
    engines: {node: ^10 || ^12 || >=14.0}
    peerDependencies:
      postcss: ^8.2.15
    dependencies:
      postcss: 8.4.16
      postcss-value-parser: 4.2.0
    dev: true

  /postcss-ordered-values/5.1.3_postcss@8.4.16:
    resolution: {integrity: sha512-9UO79VUhPwEkzbb3RNpqqghc6lcYej1aveQteWY+4POIwlqkYE21HKWaLDF6lWNuqCobEAyTovVhtI32Rbv2RQ==}
    engines: {node: ^10 || ^12 || >=14.0}
    peerDependencies:
      postcss: ^8.2.15
    dependencies:
      cssnano-utils: 3.1.0_postcss@8.4.16
      postcss: 8.4.16
      postcss-value-parser: 4.2.0
    dev: true

  /postcss-reduce-initial/5.1.0_postcss@8.4.16:
    resolution: {integrity: sha512-5OgTUviz0aeH6MtBjHfbr57tml13PuedK/Ecg8szzd4XRMbYxH4572JFG067z+FqBIf6Zp/d+0581glkvvWMFw==}
    engines: {node: ^10 || ^12 || >=14.0}
    peerDependencies:
      postcss: ^8.2.15
    dependencies:
      browserslist: 4.21.3
      caniuse-api: 3.0.0
      postcss: 8.4.16
    dev: true

  /postcss-reduce-transforms/5.1.0_postcss@8.4.16:
    resolution: {integrity: sha512-2fbdbmgir5AvpW9RLtdONx1QoYG2/EtqpNQbFASDlixBbAYuTcJ0dECwlqNqH7VbaUnEnh8SrxOe2sRIn24XyQ==}
    engines: {node: ^10 || ^12 || >=14.0}
    peerDependencies:
      postcss: ^8.2.15
    dependencies:
      postcss: 8.4.16
      postcss-value-parser: 4.2.0
    dev: true

  /postcss-selector-parser/6.0.10:
    resolution: {integrity: sha512-IQ7TZdoaqbT+LCpShg46jnZVlhWD2w6iQYAcYXfHARZ7X1t/UGhhceQDs5X0cGqKvYlHNOuv7Oa1xmb0oQuA3w==}
    engines: {node: '>=4'}
    dependencies:
      cssesc: 3.0.0
      util-deprecate: 1.0.2
    dev: true

  /postcss-svgo/5.1.0_postcss@8.4.16:
    resolution: {integrity: sha512-D75KsH1zm5ZrHyxPakAxJWtkyXew5qwS70v56exwvw542d9CRtTo78K0WeFxZB4G7JXKKMbEZtZayTGdIky/eA==}
    engines: {node: ^10 || ^12 || >=14.0}
    peerDependencies:
      postcss: ^8.2.15
    dependencies:
      postcss: 8.4.16
      postcss-value-parser: 4.2.0
      svgo: 2.8.0
    dev: true

  /postcss-unique-selectors/5.1.1_postcss@8.4.16:
    resolution: {integrity: sha512-5JiODlELrz8L2HwxfPnhOWZYWDxVHWL83ufOv84NrcgipI7TaeRsatAhK4Tr2/ZiYldpK/wBvw5BD3qfaK96GA==}
    engines: {node: ^10 || ^12 || >=14.0}
    peerDependencies:
      postcss: ^8.2.15
    dependencies:
      postcss: 8.4.16
      postcss-selector-parser: 6.0.10
    dev: true

  /postcss-value-parser/4.2.0:
    resolution: {integrity: sha512-1NNCs6uurfkVbeXG4S8JFT9t19m45ICnif8zWLd5oPSZ50QnwMfK+H3jv408d4jw/7Bttv5axS5IiHoLaVNHeQ==}
    dev: true

  /postcss/8.4.16:
    resolution: {integrity: sha512-ipHE1XBvKzm5xI7hiHCZJCSugxvsdq2mPnsq5+UF+VHCjiBvtDrlxJfMBToWaP9D5XlgNmcFGqoHmUn0EYEaRQ==}
    engines: {node: ^10 || ^12 || >=14}
    dependencies:
      nanoid: 3.3.4
      picocolors: 1.0.0
      source-map-js: 1.0.2

  /resolve/1.22.1:
    resolution: {integrity: sha512-nBpuuYuY5jFsli/JIs1oldw6fOQCBioohqWZg/2hiaOybXOft4lonv85uDOKXdf8rhyK159cxU5cDcK/NKk8zw==}
    hasBin: true
    dependencies:
      is-core-module: 2.10.0
      path-parse: 1.0.7
      supports-preserve-symlinks-flag: 1.0.0
    dev: true

  /rollup/2.78.1:
    resolution: {integrity: sha512-VeeCgtGi4P+o9hIg+xz4qQpRl6R401LWEXBmxYKOV4zlF82lyhgh2hTZnheFUbANE8l2A41F458iwj2vEYaXJg==}
    engines: {node: '>=10.0.0'}
    hasBin: true
    optionalDependencies:
      fsevents: 2.3.2
    dev: true

  /source-map-js/1.0.2:
    resolution: {integrity: sha512-R0XvVJ9WusLiqTCEiGCmICCMplcCkIwwR11mOSD9CR5u+IXYdiseeEuXCVAjS54zqwkLcPNnmU4OeJ6tUrWhDw==}
    engines: {node: '>=0.10.0'}

  /source-map/0.6.1:
    resolution: {integrity: sha512-UjgapumWlbMhkBgzT7Ykc5YXUT46F0iKu8SGXq0bcwP5dz/h0Plj6enJqjz1Zbq2l5WaqYnrVbwWOWMyF3F47g==}
    engines: {node: '>=0.10.0'}

  /sourcemap-codec/1.4.8:
    resolution: {integrity: sha512-9NykojV5Uih4lgo5So5dtw+f0JgJX30KCNI8gwhz2J9A15wD0Ml6tjHKwf6fTSa6fAdVBdZeNOs9eJ71qCk8vA==}

  /stable/0.1.8:
    resolution: {integrity: sha512-ji9qxRnOVfcuLDySj9qzhGSEFVobyt1kIOSkj1qZzYLzq7Tos/oUUWvotUPQLlrsidqsK6tBH89Bc9kL5zHA6w==}
    deprecated: 'Modern JS already guarantees Array#sort() is a stable sort, so this library is deprecated. See the compatibility table on MDN: https://developer.mozilla.org/en-US/docs/Web/JavaScript/Reference/Global_Objects/Array/sort#browser_compatibility'
    dev: true

  /stylehacks/5.1.0_postcss@8.4.16:
    resolution: {integrity: sha512-SzLmvHQTrIWfSgljkQCw2++C9+Ne91d/6Sp92I8c5uHTcy/PgeHamwITIbBW9wnFTY/3ZfSXR9HIL6Ikqmcu6Q==}
    engines: {node: ^10 || ^12 || >=14.0}
    peerDependencies:
      postcss: ^8.2.15
    dependencies:
      browserslist: 4.21.3
      postcss: 8.4.16
      postcss-selector-parser: 6.0.10
    dev: true

  /supports-preserve-symlinks-flag/1.0.0:
    resolution: {integrity: sha512-ot0WnXS9fgdkgIcePe6RHNk1WA8+muPa6cSjeR3V8K27q9BB1rTE3R1p7Hv0z1ZyAc8s6Vvv8DIyWf681MAt0w==}
    engines: {node: '>= 0.4'}
    dev: true

  /svgo/2.8.0:
    resolution: {integrity: sha512-+N/Q9kV1+F+UeWYoSiULYo4xYSDQlTgb+ayMobAXPwMnLvop7oxKMo9OzIrX5x3eS4L4f2UHhc9axXwY8DpChg==}
    engines: {node: '>=10.13.0'}
    hasBin: true
    dependencies:
      '@trysound/sax': 0.2.0
      commander: 7.2.0
      css-select: 4.3.0
      css-tree: 1.1.3
      csso: 4.2.0
      picocolors: 1.0.0
      stable: 0.1.8
    dev: true

  /to-fast-properties/2.0.0:
    resolution: {integrity: sha512-/OaKK0xYrs3DmxRYqL/yDc+FxFUVYhDlXMhRmv3z915w2HF1tnN1omB354j8VUGO/hbRzyD6Y3sA7v7GS/ceog==}
    engines: {node: '>=4'}

  /update-browserslist-db/1.0.9_browserslist@4.21.3:
    resolution: {integrity: sha512-/xsqn21EGVdXI3EXSum1Yckj3ZVZugqyOZQ/CxYPBD/R+ko9NSUScf8tFF4dOKY+2pvSSJA/S+5B8s4Zr4kyvg==}
    hasBin: true
    peerDependencies:
      browserslist: '>= 4.21.0'
    dependencies:
      browserslist: 4.21.3
      escalade: 3.1.1
      picocolors: 1.0.0
    dev: true

  /util-deprecate/1.0.2:
    resolution: {integrity: sha512-EPD5q1uXyFxJpCrLnCc1nHnq3gOa6DZBocAIiI2TaSCA7VCJ1UJDMagCzIkXNsUYfD1daK//LTEQ8xiIbrHtcw==}
    dev: true

  /vite/3.1.0:
    resolution: {integrity: sha512-YBg3dUicDpDWFCGttmvMbVyS9ydjntwEjwXRj2KBFwSB8SxmGcudo1yb8FW5+M/G86aS8x828ujnzUVdsLjs9g==}
    engines: {node: ^14.18.0 || >=16.0.0}
    hasBin: true
    peerDependencies:
      less: '*'
      sass: '*'
      stylus: '*'
      terser: ^5.4.0
    peerDependenciesMeta:
      less:
        optional: true
      sass:
        optional: true
      stylus:
        optional: true
      terser:
        optional: true
    dependencies:
      esbuild: 0.15.7
      postcss: 8.4.16
      resolve: 1.22.1
      rollup: 2.78.1
    optionalDependencies:
      fsevents: 2.3.2
    dev: true

  /vue-router/4.1.5_vue@3.2.39:
    resolution: {integrity: sha512-IsvoF5D2GQ/EGTs/Th4NQms9gd2NSqV+yylxIyp/OYp8xOwxmU8Kj/74E9DTSYAyH5LX7idVUngN3JSj1X4xcQ==}
    peerDependencies:
      vue: ^3.2.0
    dependencies:
      '@vue/devtools-api': 6.2.1
      vue: 3.2.39
    dev: false

  /vue/3.2.39:
    resolution: {integrity: sha512-tRkguhRTw9NmIPXhzk21YFBqXHT2t+6C6wPOgQ50fcFVWnPdetmRqbmySRHznrYjX2E47u0cGlKGcxKZJ38R/g==}
    dependencies:
      '@vue/compiler-dom': 3.2.39
      '@vue/compiler-sfc': 3.2.39
      '@vue/runtime-dom': 3.2.39
      '@vue/server-renderer': 3.2.39_vue@3.2.39
      '@vue/shared': 3.2.39

  /yaml/1.10.2:
    resolution: {integrity: sha512-r3vXyErRCYJ7wg28yvBY5VSoAF8ZvlcW9/BwUzEtUsjvX/DKs24dIkuwjtuprwJJHsbyUbLApepYTR1BN4uHrg==}
    engines: {node: '>= 6'}
    dev: true
